
Microsoft Visual Studio Solution File, Format Version 12.00
# Visual Studio Version 17
VisualStudioVersion = 17.4.33213.308
MinimumVisualStudioVersion = 10.0.40219.1
Project("{FAE04EC0-301F-11D3-BF4B-00C04F79EFBC}") = "AsyncBreakfast2", "AsyncBreakfast2.csproj", "{2FAECB6E-4928-463D-9C19-CE8A464A6054}"
EndProject
Global
	GlobalSection(SolutionConfigurationPlatforms) = preSolution
		Debug|Any CPU = Debug|Any CPU
		Release|Any CPU = Release|Any CPU
	EndGlobalSection
	GlobalSection(ProjectConfigurationPlatforms) = postSolution
		{2FAECB6E-4928-463D-9C19-CE8A464A6054}.Debug|Any CPU.ActiveCfg = Debug|Any CPU
		{2FAECB6E-4928-463D-9C19-CE8A464A6054}.Debug|Any CPU.Build.0 = Debug|Any CPU
		{2FAECB6E-4928-463D-9C19-CE8A464A6054}.Release|Any CPU.ActiveCfg = Release|Any CPU
		{2FAECB6E-4928-463D-9C19-CE8A464A6054}.Release|Any CPU.Build.0 = Release|Any CPU
	EndGlobalSection
	GlobalSection(SolutionProperties) = preSolution
		HideSolutionNode = FALSE
	EndGlobalSection
	GlobalSection(ExtensibilityGlobals) = postSolution
		SolutionGuid = {52FE7C1C-DE28-430D-9E45-C2B29D3F83B7}
	EndGlobalSection
EndGlobal
